// !$*UTF8*$!
{
	archiveVersion = 1;
	classes = {
	};
	objectVersion = 47;
	objects = {

/* Begin PBXBuildFile section */
		5A0A0F311AB8D25100BADF31 /* CIColorExtension.swift in Sources */ = {isa = PBXBuildFile; fileRef = 5A0A0F2E1AB8D25100BADF31 /* CIColorExtension.swift */; };
		5A0A0F321AB8D25100BADF31 /* QRCode.swift in Sources */ = {isa = PBXBuildFile; fileRef = 5A0A0F2F1AB8D25100BADF31 /* QRCode.swift */; };
		5A0A0F331AB8D25100BADF31 /* UIImageViewExtension.swift in Sources */ = {isa = PBXBuildFile; fileRef = 5A0A0F301AB8D25100BADF31 /* UIImageViewExtension.swift */; };
		5A14803C1B17B82700637BB6 /* Icon-40 2x.png in Resources */ = {isa = PBXBuildFile; fileRef = 5A14803B1B17B82700637BB6 /* Icon-40 2x.png */; };
		5A6B330C1A5F30AA00D9C9CE /* QRCodeReaderTests.swift in Sources */ = {isa = PBXBuildFile; fileRef = 5A6B330B1A5F30AA00D9C9CE /* QRCodeReaderTests.swift */; };
		5AACBFBC1B18AFB800E57C59 /* QR-ThemGS1.app in Resources */ = {isa = PBXBuildFile; fileRef = 5AACBFBB1B18AFB800E57C59 /* QR-ThemGS1.app */; };
		5ADAF7B21A7A8FCD00FE9ED7 /* vaccine.jpg in Resources */ = {isa = PBXBuildFile; fileRef = 5ADAF7B11A7A8FCD00FE9ED7 /* vaccine.jpg */; };
		5AE483201A8D4B2E002F3841 /* Images copy.xcassets in Resources */ = {isa = PBXBuildFile; fileRef = 5AE4830B1A8D4B2E002F3841 /* Images copy.xcassets */; };
		5AE483461A8D5CE7002F3841 /* Main.storyboard in Resources */ = {isa = PBXBuildFile; fileRef = 5AE483451A8D5CE7002F3841 /* Main.storyboard */; };
		5AE4834A1A8D5D25002F3841 /* AppDelegate.swift in Sources */ = {isa = PBXBuildFile; fileRef = 5AE483491A8D5D25002F3841 /* AppDelegate.swift */; };
		5AE4834C1A8D5D55002F3841 /* IHRSubmit.swift in Sources */ = {isa = PBXBuildFile; fileRef = 5AE4834B1A8D5D55002F3841 /* IHRSubmit.swift */; };
		5AE483501A8D5D9F002F3841 /* LaunchScreen.xib in Resources */ = {isa = PBXBuildFile; fileRef = 5AE4834F1A8D5D9F002F3841 /* LaunchScreen.xib */; };
		5AE483521A8D5DAC002F3841 /* PersonalInfo.swift in Sources */ = {isa = PBXBuildFile; fileRef = 5AE483511A8D5DAC002F3841 /* PersonalInfo.swift */; };
		5AE483561A8D5DDC002F3841 /* LoginScreen.swift in Sources */ = {isa = PBXBuildFile; fileRef = 5AE483551A8D5DDC002F3841 /* LoginScreen.swift */; };
		5AE483581A8D5ECD002F3841 /* ViewController.swift in Sources */ = {isa = PBXBuildFile; fileRef = 5AE483571A8D5ECD002F3841 /* ViewController.swift */; };
		5AEB413A1A8E44B000B2AC11 /* WelcomeScreen.swift in Sources */ = {isa = PBXBuildFile; fileRef = 5AEB41391A8E44B000B2AC11 /* WelcomeScreen.swift */; };
		5AEBFE291ADD5BC900634CBF /* VaccineRoute.swift in Sources */ = {isa = PBXBuildFile; fileRef = 5AEBFE281ADD5BC900634CBF /* VaccineRoute.swift */; };
		5AF9099A1AB9BC500015BD75 /* Grey Bruce Logo.png in Resources */ = {isa = PBXBuildFile; fileRef = 5AF909921AB9BC500015BD75 /* Grey Bruce Logo.png */; };
		5AF9099B1AB9BC500015BD75 /* Hamilton Logo.png in Resources */ = {isa = PBXBuildFile; fileRef = 5AF909931AB9BC500015BD75 /* Hamilton Logo.png */; };
		5AF9099C1AB9BC500015BD75 /* just blue.png in Resources */ = {isa = PBXBuildFile; fileRef = 5AF909941AB9BC500015BD75 /* just blue.png */; };
		5AF9099D1AB9BC500015BD75 /* Niagara Logo.png in Resources */ = {isa = PBXBuildFile; fileRef = 5AF909951AB9BC500015BD75 /* Niagara Logo.png */; };
		5AF9099E1AB9BC500015BD75 /* Ontario Logo.png in Resources */ = {isa = PBXBuildFile; fileRef = 5AF909961AB9BC500015BD75 /* Ontario Logo.png */; };
		5AF9099F1AB9BC500015BD75 /* Peel Logo.png in Resources */ = {isa = PBXBuildFile; fileRef = 5AF909971AB9BC500015BD75 /* Peel Logo.png */; };
		5AF909A01AB9BC500015BD75 /* personalInfo.png in Resources */ = {isa = PBXBuildFile; fileRef = 5AF909981AB9BC500015BD75 /* personalInfo.png */; };
		5AF909A11AB9BC500015BD75 /* Toronto Logo.png in Resources */ = {isa = PBXBuildFile; fileRef = 5AF909991AB9BC500015BD75 /* Toronto Logo.png */; };
		5AF909A31AB9BC6D0015BD75 /* Panorama Logo CP.jpg in Resources */ = {isa = PBXBuildFile; fileRef = 5AF909A21AB9BC6D0015BD75 /* Panorama Logo CP.jpg */; };
/* End PBXBuildFile section */

/* Begin PBXContainerItemProxy section */
		5A6B33061A5F30AA00D9C9CE /* PBXContainerItemProxy */ = {
			isa = PBXContainerItemProxy;
			containerPortal = 5A6B32E81A5F30AA00D9C9CE /* Project object */;
			proxyType = 1;
			remoteGlobalIDString = 5A6B32EF1A5F30AA00D9C9CE;
			remoteInfo = QRCodeReader;
		};
/* End PBXContainerItemProxy section */

/* Begin PBXFileReference section */
		5A0A0F2E1AB8D25100BADF31 /* CIColorExtension.swift */ = {isa = PBXFileReference; fileEncoding = 4; lastKnownFileType = sourcecode.swift; path = CIColorExtension.swift; sourceTree = "<group>"; };
		5A0A0F2F1AB8D25100BADF31 /* QRCode.swift */ = {isa = PBXFileReference; fileEncoding = 4; lastKnownFileType = sourcecode.swift; path = QRCode.swift; sourceTree = "<group>"; };
		5A0A0F301AB8D25100BADF31 /* UIImageViewExtension.swift */ = {isa = PBXFileReference; fileEncoding = 4; lastKnownFileType = sourcecode.swift; path = UIImageViewExtension.swift; sourceTree = "<group>"; };
		5A14803B1B17B82700637BB6 /* Icon-40 2x.png */ = {isa = PBXFileReference; lastKnownFileType = image.png; name = "Icon-40 2x.png"; path = "../QR-ThemGS1/Images/Icon-40 2x.png"; sourceTree = "<group>"; };
		5A6B32F01A5F30AA00D9C9CE /* QR-Them.app */ = {isa = PBXFileReference; explicitFileType = wrapper.application; includeInIndex = 0; path = "QR-Them.app"; sourceTree = BUILT_PRODUCTS_DIR; };
		5A6B33051A5F30AA00D9C9CE /* QR-ThemTests.xctest */ = {isa = PBXFileReference; explicitFileType = wrapper.cfbundle; includeInIndex = 0; path = "QR-ThemTests.xctest"; sourceTree = BUILT_PRODUCTS_DIR; };
		5A6B330A1A5F30AA00D9C9CE /* Info.plist */ = {isa = PBXFileReference; lastKnownFileType = text.plist.xml; path = Info.plist; sourceTree = "<group>"; };
		5A6B330B1A5F30AA00D9C9CE /* QRCodeReaderTests.swift */ = {isa = PBXFileReference; lastKnownFileType = sourcecode.swift; path = QRCodeReaderTests.swift; sourceTree = "<group>"; };
		5AACBFBB1B18AFB800E57C59 /* QR-ThemGS1.app */ = {isa = PBXFileReference; lastKnownFileType = wrapper.application; path = "QR-ThemGS1.app"; sourceTree = "<group>"; };
		5ADAF7B11A7A8FCD00FE9ED7 /* vaccine.jpg */ = {isa = PBXFileReference; lastKnownFileType = image.jpeg; path = vaccine.jpg; sourceTree = "<group>"; };
		5AE4830B1A8D4B2E002F3841 /* Images copy.xcassets */ = {isa = PBXFileReference; lastKnownFileType = folder.assetcatalog; path = "Images copy.xcassets"; sourceTree = "<group>"; };
		5AE483451A8D5CE7002F3841 /* Main.storyboard */ = {isa = PBXFileReference; fileEncoding = 4; lastKnownFileType = file.storyboard; path = Main.storyboard; sourceTree = "<group>"; };
		5AE483491A8D5D25002F3841 /* AppDelegate.swift */ = {isa = PBXFileReference; fileEncoding = 4; lastKnownFileType = sourcecode.swift; path = AppDelegate.swift; sourceTree = "<group>"; };
		5AE4834B1A8D5D55002F3841 /* IHRSubmit.swift */ = {isa = PBXFileReference; fileEncoding = 4; lastKnownFileType = sourcecode.swift; path = IHRSubmit.swift; sourceTree = "<group>"; };
		5AE4834F1A8D5D9F002F3841 /* LaunchScreen.xib */ = {isa = PBXFileReference; fileEncoding = 4; lastKnownFileType = file.xib; path = LaunchScreen.xib; sourceTree = "<group>"; };
		5AE483511A8D5DAC002F3841 /* PersonalInfo.swift */ = {isa = PBXFileReference; fileEncoding = 4; lastKnownFileType = sourcecode.swift; path = PersonalInfo.swift; sourceTree = "<group>"; };
		5AE483551A8D5DDC002F3841 /* LoginScreen.swift */ = {isa = PBXFileReference; fileEncoding = 4; lastKnownFileType = sourcecode.swift; path = LoginScreen.swift; sourceTree = "<group>"; };
		5AE483571A8D5ECD002F3841 /* ViewController.swift */ = {isa = PBXFileReference; fileEncoding = 4; lastKnownFileType = sourcecode.swift; lineEnding = 0; path = ViewController.swift; sourceTree = "<group>"; };
		5AE668B21A9E361600CED496 /* CIColorExtension.swift */ = {isa = PBXFileReference; fileEncoding = 4; lastKnownFileType = sourcecode.swift; path = CIColorExtension.swift; sourceTree = "<group>"; };
		5AE668B31A9E361600CED496 /* QRCode.swift */ = {isa = PBXFileReference; fileEncoding = 4; lastKnownFileType = sourcecode.swift; path = QRCode.swift; sourceTree = "<group>"; };
		5AE668B41A9E361600CED496 /* UIImageViewExtension.swift */ = {isa = PBXFileReference; fileEncoding = 4; lastKnownFileType = sourcecode.swift; path = UIImageViewExtension.swift; sourceTree = "<group>"; };
		5AEB41391A8E44B000B2AC11 /* WelcomeScreen.swift */ = {isa = PBXFileReference; fileEncoding = 4; lastKnownFileType = sourcecode.swift; path = WelcomeScreen.swift; sourceTree = "<group>"; };
		5AEBFE281ADD5BC900634CBF /* VaccineRoute.swift */ = {isa = PBXFileReference; fileEncoding = 4; lastKnownFileType = sourcecode.swift; name = VaccineRoute.swift; path = ../../VaccineRoute.swift; sourceTree = "<group>"; };
		5AF909921AB9BC500015BD75 /* Grey Bruce Logo.png */ = {isa = PBXFileReference; lastKnownFileType = image.png; name = "Grey Bruce Logo.png"; path = "Images/Grey Bruce Logo.png"; sourceTree = "<group>"; };
		5AF909931AB9BC500015BD75 /* Hamilton Logo.png */ = {isa = PBXFileReference; lastKnownFileType = image.png; name = "Hamilton Logo.png"; path = "Images/Hamilton Logo.png"; sourceTree = "<group>"; };
		5AF909941AB9BC500015BD75 /* just blue.png */ = {isa = PBXFileReference; lastKnownFileType = image.png; name = "just blue.png"; path = "Images/just blue.png"; sourceTree = "<group>"; };
		5AF909951AB9BC500015BD75 /* Niagara Logo.png */ = {isa = PBXFileReference; lastKnownFileType = image.png; name = "Niagara Logo.png"; path = "Images/Niagara Logo.png"; sourceTree = "<group>"; };
		5AF909961AB9BC500015BD75 /* Ontario Logo.png */ = {isa = PBXFileReference; lastKnownFileType = image.png; name = "Ontario Logo.png"; path = "Images/Ontario Logo.png"; sourceTree = "<group>"; };
		5AF909971AB9BC500015BD75 /* Peel Logo.png */ = {isa = PBXFileReference; lastKnownFileType = image.png; name = "Peel Logo.png"; path = "Images/Peel Logo.png"; sourceTree = "<group>"; };
		5AF909981AB9BC500015BD75 /* personalInfo.png */ = {isa = PBXFileReference; lastKnownFileType = image.png; name = personalInfo.png; path = Images/personalInfo.png; sourceTree = "<group>"; };
		5AF909991AB9BC500015BD75 /* Toronto Logo.png */ = {isa = PBXFileReference; lastKnownFileType = image.png; name = "Toronto Logo.png"; path = "Images/Toronto Logo.png"; sourceTree = "<group>"; };
		5AF909A21AB9BC6D0015BD75 /* Panorama Logo CP.jpg */ = {isa = PBXFileReference; lastKnownFileType = image.jpeg; name = "Panorama Logo CP.jpg"; path = "Images/Panorama Logo CP.jpg"; sourceTree = "<group>"; };
/* End PBXFileReference section */

/* Begin PBXFrameworksBuildPhase section */
		5A6B32ED1A5F30AA00D9C9CE /* Frameworks */ = {
			isa = PBXFrameworksBuildPhase;
			buildActionMask = 2147483647;
			files = (
			);
			runOnlyForDeploymentPostprocessing = 0;
		};
		5A6B33021A5F30AA00D9C9CE /* Frameworks */ = {
			isa = PBXFrameworksBuildPhase;
			buildActionMask = 2147483647;
			files = (
			);
			runOnlyForDeploymentPostprocessing = 0;
		};
/* End PBXFrameworksBuildPhase section */

/* Begin PBXGroup section */
		5A0A0F2D1AB8D25100BADF31 /* QRCodeGenerator */ = {
			isa = PBXGroup;
			children = (
				5A0A0F2E1AB8D25100BADF31 /* CIColorExtension.swift */,
				5A0A0F2F1AB8D25100BADF31 /* QRCode.swift */,
				5A0A0F301AB8D25100BADF31 /* UIImageViewExtension.swift */,
			);
			path = QRCodeGenerator;
			sourceTree = "<group>";
		};
		5A6B32E71A5F30AA00D9C9CE = {
			isa = PBXGroup;
			children = (
				5A0A0F2D1AB8D25100BADF31 /* QRCodeGenerator */,
				5AF909921AB9BC500015BD75 /* Grey Bruce Logo.png */,
				5AF909931AB9BC500015BD75 /* Hamilton Logo.png */,
				5AF909A21AB9BC6D0015BD75 /* Panorama Logo CP.jpg */,
				5AF909941AB9BC500015BD75 /* just blue.png */,
				5AF909951AB9BC500015BD75 /* Niagara Logo.png */,
				5AF909961AB9BC500015BD75 /* Ontario Logo.png */,
				5AF909971AB9BC500015BD75 /* Peel Logo.png */,
				5AF909981AB9BC500015BD75 /* personalInfo.png */,
				5AF909991AB9BC500015BD75 /* Toronto Logo.png */,
				5ADAF7B11A7A8FCD00FE9ED7 /* vaccine.jpg */,
				5A14803B1B17B82700637BB6 /* Icon-40 2x.png */,
				5AE668B11A9E361600CED496 /* QRCodeGenerator */,
				5AE483041A8D4B2E002F3841 /* QRCodeReader */,
				5A6B33081A5F30AA00D9C9CE /* QRCodeReaderTests */,
				5A6B32F11A5F30AA00D9C9CE /* Products */,
				5AACBFBB1B18AFB800E57C59 /* QR-ThemGS1.app */,
			);
			sourceTree = "<group>";
		};
		5A6B32F11A5F30AA00D9C9CE /* Products */ = {
			isa = PBXGroup;
			children = (
				5A6B32F01A5F30AA00D9C9CE /* QR-Them.app */,
				5A6B33051A5F30AA00D9C9CE /* QR-ThemTests.xctest */,
			);
			name = Products;
			sourceTree = "<group>";
		};
		5A6B33081A5F30AA00D9C9CE /* QRCodeReaderTests */ = {
			isa = PBXGroup;
			children = (
				5A6B330B1A5F30AA00D9C9CE /* QRCodeReaderTests.swift */,
				5A6B33091A5F30AA00D9C9CE /* Supporting Files */,
			);
			path = QRCodeReaderTests;
			sourceTree = SOURCE_ROOT;
		};
		5A6B33091A5F30AA00D9C9CE /* Supporting Files */ = {
			isa = PBXGroup;
			children = (
				5A6B330A1A5F30AA00D9C9CE /* Info.plist */,
			);
			name = "Supporting Files";
			sourceTree = "<group>";
		};
		5AE483041A8D4B2E002F3841 /* QRCodeReader */ = {
			isa = PBXGroup;
			children = (
				5AE483451A8D5CE7002F3841 /* Main.storyboard */,
				5AE4834F1A8D5D9F002F3841 /* LaunchScreen.xib */,
				5AE483491A8D5D25002F3841 /* AppDelegate.swift */,
				5AE4834B1A8D5D55002F3841 /* IHRSubmit.swift */,
				5AE483571A8D5ECD002F3841 /* ViewController.swift */,
				5AE483511A8D5DAC002F3841 /* PersonalInfo.swift */,
				5AE483551A8D5DDC002F3841 /* LoginScreen.swift */,
				5AEB41391A8E44B000B2AC11 /* WelcomeScreen.swift */,
				5AEBFE281ADD5BC900634CBF /* VaccineRoute.swift */,
				5AE4830B1A8D4B2E002F3841 /* Images copy.xcassets */,
			);
			name = QRCodeReader;
			path = "QRCodeReader/QRCodeReader copy/QRCodeReader";
			sourceTree = "<group>";
		};
		5AE668B11A9E361600CED496 /* QRCodeGenerator */ = {
			isa = PBXGroup;
			children = (
				5AE668B21A9E361600CED496 /* CIColorExtension.swift */,
				5AE668B31A9E361600CED496 /* QRCode.swift */,
				5AE668B41A9E361600CED496 /* UIImageViewExtension.swift */,
			);
			path = QRCodeGenerator;
			sourceTree = "<group>";
		};
/* End PBXGroup section */

/* Begin PBXNativeTarget section */
		5A6B32EF1A5F30AA00D9C9CE /* QR-ThemGS1 */ = {
			isa = PBXNativeTarget;
			buildConfigurationList = 5A6B330F1A5F30AA00D9C9CE /* Build configuration list for PBXNativeTarget "QR-ThemGS1" */;
			buildPhases = (
				5A6B32EC1A5F30AA00D9C9CE /* Sources */,
				5A6B32ED1A5F30AA00D9C9CE /* Frameworks */,
				5A6B32EE1A5F30AA00D9C9CE /* Resources */,
			);
			buildRules = (
			);
			dependencies = (
			);
			name = "QR-ThemGS1";
			productName = QRCodeReader;
			productReference = 5A6B32F01A5F30AA00D9C9CE /* QR-Them.app */;
			productType = "com.apple.product-type.application";
		};
		5A6B33041A5F30AA00D9C9CE /* QR-ThemTests */ = {
			isa = PBXNativeTarget;
			buildConfigurationList = 5A6B33121A5F30AA00D9C9CE /* Build configuration list for PBXNativeTarget "QR-ThemTests" */;
			buildPhases = (
				5A6B33011A5F30AA00D9C9CE /* Sources */,
				5A6B33021A5F30AA00D9C9CE /* Frameworks */,
				5A6B33031A5F30AA00D9C9CE /* Resources */,
			);
			buildRules = (
			);
			dependencies = (
				5A6B33071A5F30AA00D9C9CE /* PBXTargetDependency */,
			);
			name = "QR-ThemTests";
			productName = QRCodeReaderTests;
			productReference = 5A6B33051A5F30AA00D9C9CE /* QR-ThemTests.xctest */;
			productType = "com.apple.product-type.bundle.unit-test";
		};
/* End PBXNativeTarget section */

/* Begin PBXProject section */
		5A6B32E81A5F30AA00D9C9CE /* Project object */ = {
			isa = PBXProject;
			attributes = {
				LastUpgradeCheck = 0620;
				ORGANIZATIONNAME = "Angelina Choi";
				TargetAttributes = {
					5A6B32EF1A5F30AA00D9C9CE = {
						CreatedOnToolsVersion = 6.1.1;
						DevelopmentTeam = 8C3NVD5H3C;
					};
					5A6B33041A5F30AA00D9C9CE = {
						CreatedOnToolsVersion = 6.1.1;
						TestTargetID = 5A6B32EF1A5F30AA00D9C9CE;
					};
				};
			};
			buildConfigurationList = 5A6B32EB1A5F30AA00D9C9CE /* Build configuration list for PBXProject "QR-ThemGS1" */;
			compatibilityVersion = "Xcode 6.3";
			developmentRegion = English;
			hasScannedForEncodings = 0;
			knownRegions = (
				en,
				Base,
			);
			mainGroup = 5A6B32E71A5F30AA00D9C9CE;
			productRefGroup = 5A6B32F11A5F30AA00D9C9CE /* Products */;
			projectDirPath = "";
			projectRoot = "";
			targets = (
				5A6B32EF1A5F30AA00D9C9CE /* QR-ThemGS1 */,
				5A6B33041A5F30AA00D9C9CE /* QR-ThemTests */,
			);
		};
/* End PBXProject section */

/* Begin PBXResourcesBuildPhase section */
		5A6B32EE1A5F30AA00D9C9CE /* Resources */ = {
			isa = PBXResourcesBuildPhase;
			buildActionMask = 2147483647;
			files = (
				5AACBFBC1B18AFB800E57C59 /* QR-ThemGS1.app in Resources */,
				5AF9099E1AB9BC500015BD75 /* Ontario Logo.png in Resources */,
				5AF9099D1AB9BC500015BD75 /* Niagara Logo.png in Resources */,
				5ADAF7B21A7A8FCD00FE9ED7 /* vaccine.jpg in Resources */,
				5A14803C1B17B82700637BB6 /* Icon-40 2x.png in Resources */,
				5AE483461A8D5CE7002F3841 /* Main.storyboard in Resources */,
				5AF9099B1AB9BC500015BD75 /* Hamilton Logo.png in Resources */,
				5AF909A31AB9BC6D0015BD75 /* Panorama Logo CP.jpg in Resources */,
				5AF9099C1AB9BC500015BD75 /* just blue.png in Resources */,
				5AE483201A8D4B2E002F3841 /* Images copy.xcassets in Resources */,
				5AE483501A8D5D9F002F3841 /* LaunchScreen.xib in Resources */,
				5AF9099F1AB9BC500015BD75 /* Peel Logo.png in Resources */,
				5AF909A11AB9BC500015BD75 /* Toronto Logo.png in Resources */,
				5AF9099A1AB9BC500015BD75 /* Grey Bruce Logo.png in Resources */,
				5AF909A01AB9BC500015BD75 /* personalInfo.png in Resources */,
			);
			runOnlyForDeploymentPostprocessing = 0;
		};
		5A6B33031A5F30AA00D9C9CE /* Resources */ = {
			isa = PBXResourcesBuildPhase;
			buildActionMask = 2147483647;
			files = (
			);
			runOnlyForDeploymentPostprocessing = 0;
		};
/* End PBXResourcesBuildPhase section */

/* Begin PBXSourcesBuildPhase section */
		5A6B32EC1A5F30AA00D9C9CE /* Sources */ = {
			isa = PBXSourcesBuildPhase;
			buildActionMask = 2147483647;
			files = (
				5AEB413A1A8E44B000B2AC11 /* WelcomeScreen.swift in Sources */,
				5A0A0F311AB8D25100BADF31 /* CIColorExtension.swift in Sources */,
				5A0A0F331AB8D25100BADF31 /* UIImageViewExtension.swift in Sources */,
				5AE483581A8D5ECD002F3841 /* ViewController.swift in Sources */,
				5AE4834C1A8D5D55002F3841 /* IHRSubmit.swift in Sources */,
				5A0A0F321AB8D25100BADF31 /* QRCode.swift in Sources */,
				5AE4834A1A8D5D25002F3841 /* AppDelegate.swift in Sources */,
				5AE483561A8D5DDC002F3841 /* LoginScreen.swift in Sources */,
				5AE483521A8D5DAC002F3841 /* PersonalInfo.swift in Sources */,
				5AEBFE291ADD5BC900634CBF /* VaccineRoute.swift in Sources */,
			);
			runOnlyForDeploymentPostprocessing = 0;
		};
		5A6B33011A5F30AA00D9C9CE /* Sources */ = {
			isa = PBXSourcesBuildPhase;
			buildActionMask = 2147483647;
			files = (
				5A6B330C1A5F30AA00D9C9CE /* QRCodeReaderTests.swift in Sources */,
			);
			runOnlyForDeploymentPostprocessing = 0;
		};
/* End PBXSourcesBuildPhase section */

/* Begin PBXTargetDependency section */
		5A6B33071A5F30AA00D9C9CE /* PBXTargetDependency */ = {
			isa = PBXTargetDependency;
			target = 5A6B32EF1A5F30AA00D9C9CE /* QR-ThemGS1 */;
			targetProxy = 5A6B33061A5F30AA00D9C9CE /* PBXContainerItemProxy */;
		};
/* End PBXTargetDependency section */

/* Begin XCBuildConfiguration section */
		5A6B330D1A5F30AA00D9C9CE /* Debug */ = {
			isa = XCBuildConfiguration;
			buildSettings = {
				ALWAYS_SEARCH_USER_PATHS = NO;
				CLANG_CXX_LANGUAGE_STANDARD = "gnu++0x";
				CLANG_CXX_LIBRARY = "libc++";
				CLANG_ENABLE_MODULES = YES;
				CLANG_ENABLE_OBJC_ARC = YES;
				CLANG_WARN_BOOL_CONVERSION = YES;
				CLANG_WARN_CONSTANT_CONVERSION = YES;
				CLANG_WARN_DIRECT_OBJC_ISA_USAGE = YES_ERROR;
				CLANG_WARN_EMPTY_BODY = YES;
				CLANG_WARN_ENUM_CONVERSION = YES;
				CLANG_WARN_INT_CONVERSION = YES;
				CLANG_WARN_OBJC_ROOT_CLASS = YES_ERROR;
				CLANG_WARN_UNREACHABLE_CODE = YES;
				CLANG_WARN__DUPLICATE_METHOD_MATCH = YES;
				"CODE_SIGN_IDENTITY[sdk=iphoneos*]" = "iPhone Developer";
				COPY_PHASE_STRIP = NO;
				ENABLE_STRICT_OBJC_MSGSEND = YES;
				GCC_C_LANGUAGE_STANDARD = gnu99;
				GCC_DYNAMIC_NO_PIC = NO;
				GCC_OPTIMIZATION_LEVEL = 0;
				GCC_PREPROCESSOR_DEFINITIONS = (
					"DEBUG=1",
					"$(inherited)",
				);
				GCC_SYMBOLS_PRIVATE_EXTERN = NO;
				GCC_WARN_64_TO_32_BIT_CONVERSION = YES;
				GCC_WARN_ABOUT_RETURN_TYPE = YES_ERROR;
				GCC_WARN_UNDECLARED_SELECTOR = YES;
				GCC_WARN_UNINITIALIZED_AUTOS = YES_AGGRESSIVE;
				GCC_WARN_UNUSED_FUNCTION = YES;
				GCC_WARN_UNUSED_VARIABLE = YES;
				IPHONEOS_DEPLOYMENT_TARGET = 8.1;
				MTL_ENABLE_DEBUG_INFO = YES;
				ONLY_ACTIVE_ARCH = YES;
				SDKROOT = iphoneos;
				SWIFT_OPTIMIZATION_LEVEL = "-Onone";
				TARGETED_DEVICE_FAMILY = 2;
			};
			name = Debug;
		};
		5A6B330E1A5F30AA00D9C9CE /* Release */ = {
			isa = XCBuildConfiguration;
			buildSettings = {
				ALWAYS_SEARCH_USER_PATHS = NO;
				CLANG_CXX_LANGUAGE_STANDARD = "gnu++0x";
				CLANG_CXX_LIBRARY = "libc++";
				CLANG_ENABLE_MODULES = YES;
				CLANG_ENABLE_OBJC_ARC = YES;
				CLANG_WARN_BOOL_CONVERSION = YES;
				CLANG_WARN_CONSTANT_CONVERSION = YES;
				CLANG_WARN_DIRECT_OBJC_ISA_USAGE = YES_ERROR;
				CLANG_WARN_EMPTY_BODY = YES;
				CLANG_WARN_ENUM_CONVERSION = YES;
				CLANG_WARN_INT_CONVERSION = YES;
				CLANG_WARN_OBJC_ROOT_CLASS = YES_ERROR;
				CLANG_WARN_UNREACHABLE_CODE = YES;
				CLANG_WARN__DUPLICATE_METHOD_MATCH = YES;
				"CODE_SIGN_IDENTITY[sdk=iphoneos*]" = "iPhone Developer";
				COPY_PHASE_STRIP = YES;
				ENABLE_NS_ASSERTIONS = NO;
				ENABLE_STRICT_OBJC_MSGSEND = YES;
				GCC_C_LANGUAGE_STANDARD = gnu99;
				GCC_WARN_64_TO_32_BIT_CONVERSION = YES;
				GCC_WARN_ABOUT_RETURN_TYPE = YES_ERROR;
				GCC_WARN_UNDECLARED_SELECTOR = YES;
				GCC_WARN_UNINITIALIZED_AUTOS = YES_AGGRESSIVE;
				GCC_WARN_UNUSED_FUNCTION = YES;
				GCC_WARN_UNUSED_VARIABLE = YES;
				IPHONEOS_DEPLOYMENT_TARGET = 8.1;
				MTL_ENABLE_DEBUG_INFO = NO;
				SDKROOT = iphoneos;
				TARGETED_DEVICE_FAMILY = 2;
				VALIDATE_PRODUCT = YES;
			};
			name = Release;
		};
		5A6B33101A5F30AA00D9C9CE /* Debug */ = {
			isa = XCBuildConfiguration;
			buildSettings = {
				ASSETCATALOG_COMPILER_APPICON_NAME = AppIcon;
				CODE_SIGN_IDENTITY = "iPhone Developer";
				"CODE_SIGN_IDENTITY[sdk=iphoneos*]" = "iPhone Developer";
				INFOPLIST_FILE = QRCodeReader/Info.plist;
				LD_RUNPATH_SEARCH_PATHS = "$(inherited) @executable_path/Frameworks";
				PRODUCT_NAME = "QR-Them";
				PROVISIONING_PROFILE = "";
				TARGETED_DEVICE_FAMILY = "1,2";
			};
			name = Debug;
		};
		5A6B33111A5F30AA00D9C9CE /* Release */ = {
			isa = XCBuildConfiguration;
			buildSettings = {
				ASSETCATALOG_COMPILER_APPICON_NAME = AppIcon;
				CODE_SIGN_IDENTITY = "iPhone Developer";
				"CODE_SIGN_IDENTITY[sdk=iphoneos*]" = "iPhone Developer";
				INFOPLIST_FILE = QRCodeReader/Info.plist;
				LD_RUNPATH_SEARCH_PATHS = "$(inherited) @executable_path/Frameworks";
				PRODUCT_NAME = "QR-Them";
				PROVISIONING_PROFILE = "";
				TARGETED_DEVICE_FAMILY = "1,2";
			};
			name = Release;
		};
		5A6B33131A5F30AA00D9C9CE /* Debug */ = {
			isa = XCBuildConfiguration;
			buildSettings = {
				BUNDLE_LOADER = "$(TEST_HOST)";
				FRAMEWORK_SEARCH_PATHS = (
					"$(SDKROOT)/Developer/Library/Frameworks",
					"$(inherited)",
				);
				GCC_PREPROCESSOR_DEFINITIONS = (
					"DEBUG=1",
					"$(inherited)",
				);
				INFOPLIST_FILE = QRCodeReaderTests/Info.plist;
				LD_RUNPATH_SEARCH_PATHS = "$(inherited) @executable_path/Frameworks @loader_path/Frameworks";
				PRODUCT_NAME = "QR-ThemTests";
			};
			name = Debug;
		};
		5A6B33141A5F30AA00D9C9CE /* Release */ = {
			isa = XCBuildConfiguration;
			buildSettings = {
				BUNDLE_LOADER = "$(TEST_HOST)";
				FRAMEWORK_SEARCH_PATHS = (
					"$(SDKROOT)/Developer/Library/Frameworks",
					"$(inherited)",
				);
				INFOPLIST_FILE = QRCodeReaderTests/Info.plist;
				LD_RUNPATH_SEARCH_PATHS = "$(inherited) @executable_path/Frameworks @loader_path/Frameworks";
				PRODUCT_NAME = "QR-ThemTests";
			};
			name = Release;
		};
/* End XCBuildConfiguration section */

/* Begin XCConfigurationList section */
		5A6B32EB1A5F30AA00D9C9CE /* Build configuration list for PBXProject "QR-ThemGS1" */ = {
			isa = XCConfigurationList;
			buildConfigurations = (
				5A6B330D1A5F30AA00D9C9CE /* Debug */,
				5A6B330E1A5F30AA00D9C9CE /* Release */,
			);
			defaultConfigurationIsVisible = 0;
			defaultConfigurationName = Release;
		};
		5A6B330F1A5F30AA00D9C9CE /* Build configuration list for PBXNativeTarget "QR-ThemGS1" */ = {
			isa = XCConfigurationList;
			buildConfigurations = (
				5A6B33101A5F30AA00D9C9CE /* Debug */,
				5A6B33111A5F30AA00D9C9CE /* Release */,
			);
			defaultConfigurationIsVisible = 0;
			defaultConfigurationName = Release;
		};
		5A6B33121A5F30AA00D9C9CE /* Build configuration list for PBXNativeTarget "QR-ThemTests" */ = {
			isa = XCConfigurationList;
			buildConfigurations = (
				5A6B33131A5F30AA00D9C9CE /* Debug */,
				5A6B33141A5F30AA00D9C9CE /* Release */,
			);
			defaultConfigurationIsVisible = 0;
			defaultConfigurationName = Release;
		};
/* End XCConfigurationList section */
	};
	rootObject = 5A6B32E81A5F30AA00D9C9CE /* Project object */;
}
